// !$*UTF8*$!
{
	archiveVersion = 1;
	classes = {
	};
	objectVersion = 50;
	objects = {

/* Begin PBXBuildFile section */
		3321181A212D1E17002DF050 /* AppDelegate.swift in Sources */ = {isa = PBXBuildFile; fileRef = 33211819212D1E17002DF050 /* AppDelegate.swift */; };
		3321181C212D1E17002DF050 /* HomeViewController.swift in Sources */ = {isa = PBXBuildFile; fileRef = 3321181B212D1E17002DF050 /* HomeViewController.swift */; };
		3321181E212D1E17002DF050 /* FavoriteViewController.swift in Sources */ = {isa = PBXBuildFile; fileRef = 3321181D212D1E17002DF050 /* FavoriteViewController.swift */; };
		33211821212D1E17002DF050 /* Main.storyboard in Resources */ = {isa = PBXBuildFile; fileRef = 3321181F212D1E17002DF050 /* Main.storyboard */; };
		33211823212D1E19002DF050 /* Assets.xcassets in Resources */ = {isa = PBXBuildFile; fileRef = 33211822212D1E19002DF050 /* Assets.xcassets */; };
		33211826212D1E19002DF050 /* LaunchScreen.storyboard in Resources */ = {isa = PBXBuildFile; fileRef = 33211824212D1E19002DF050 /* LaunchScreen.storyboard */; };
		33211831212D1E19002DF050 /* Ara_GohanTests.swift in Sources */ = {isa = PBXBuildFile; fileRef = 33211830212D1E19002DF050 /* Ara_GohanTests.swift */; };
		3321183C212D1E19002DF050 /* Ara_GohanUITests.swift in Sources */ = {isa = PBXBuildFile; fileRef = 3321183B212D1E19002DF050 /* Ara_GohanUITests.swift */; };
		3321184B212D21CB002DF050 /* MapTableViewCell.swift in Sources */ = {isa = PBXBuildFile; fileRef = 33211849212D21CB002DF050 /* MapTableViewCell.swift */; };
		3321184C212D21CB002DF050 /* MapTableViewCell.xib in Resources */ = {isa = PBXBuildFile; fileRef = 3321184A212D21CB002DF050 /* MapTableViewCell.xib */; };
/* End PBXBuildFile section */

/* Begin PBXContainerItemProxy section */
		3321182D212D1E19002DF050 /* PBXContainerItemProxy */ = {
			isa = PBXContainerItemProxy;
			containerPortal = 3321180E212D1E17002DF050 /* Project object */;
			proxyType = 1;
			remoteGlobalIDString = 33211815212D1E17002DF050;
			remoteInfo = "Ara!Gohan";
		};
		33211838212D1E19002DF050 /* PBXContainerItemProxy */ = {
			isa = PBXContainerItemProxy;
			containerPortal = 3321180E212D1E17002DF050 /* Project object */;
			proxyType = 1;
			remoteGlobalIDString = 33211815212D1E17002DF050;
			remoteInfo = "Ara!Gohan";
		};
/* End PBXContainerItemProxy section */

/* Begin PBXFileReference section */
		33211816212D1E17002DF050 /* Ara!Gohan.app */ = {isa = PBXFileReference; explicitFileType = wrapper.application; includeInIndex = 0; path = "Ara!Gohan.app"; sourceTree = BUILT_PRODUCTS_DIR; };
		33211819212D1E17002DF050 /* AppDelegate.swift */ = {isa = PBXFileReference; lastKnownFileType = sourcecode.swift; path = AppDelegate.swift; sourceTree = "<group>"; };
		3321181B212D1E17002DF050 /* HomeViewController.swift */ = {isa = PBXFileReference; lastKnownFileType = sourcecode.swift; path = HomeViewController.swift; sourceTree = "<group>"; };
		3321181D212D1E17002DF050 /* FavoriteViewController.swift */ = {isa = PBXFileReference; lastKnownFileType = sourcecode.swift; path = FavoriteViewController.swift; sourceTree = "<group>"; };
		33211820212D1E17002DF050 /* Base */ = {isa = PBXFileReference; lastKnownFileType = file.storyboard; name = Base; path = Base.lproj/Main.storyboard; sourceTree = "<group>"; };
		33211822212D1E19002DF050 /* Assets.xcassets */ = {isa = PBXFileReference; lastKnownFileType = folder.assetcatalog; path = Assets.xcassets; sourceTree = "<group>"; };
		33211825212D1E19002DF050 /* Base */ = {isa = PBXFileReference; lastKnownFileType = file.storyboard; name = Base; path = Base.lproj/LaunchScreen.storyboard; sourceTree = "<group>"; };
		33211827212D1E19002DF050 /* Info.plist */ = {isa = PBXFileReference; lastKnownFileType = text.plist.xml; path = Info.plist; sourceTree = "<group>"; };
		3321182C212D1E19002DF050 /* Ara!GohanTests.xctest */ = {isa = PBXFileReference; explicitFileType = wrapper.cfbundle; includeInIndex = 0; path = "Ara!GohanTests.xctest"; sourceTree = BUILT_PRODUCTS_DIR; };
		33211830212D1E19002DF050 /* Ara_GohanTests.swift */ = {isa = PBXFileReference; lastKnownFileType = sourcecode.swift; path = Ara_GohanTests.swift; sourceTree = "<group>"; };
		33211832212D1E19002DF050 /* Info.plist */ = {isa = PBXFileReference; lastKnownFileType = text.plist.xml; path = Info.plist; sourceTree = "<group>"; };
		33211837212D1E19002DF050 /* Ara!GohanUITests.xctest */ = {isa = PBXFileReference; explicitFileType = wrapper.cfbundle; includeInIndex = 0; path = "Ara!GohanUITests.xctest"; sourceTree = BUILT_PRODUCTS_DIR; };
		3321183B212D1E19002DF050 /* Ara_GohanUITests.swift */ = {isa = PBXFileReference; lastKnownFileType = sourcecode.swift; path = Ara_GohanUITests.swift; sourceTree = "<group>"; };
		3321183D212D1E19002DF050 /* Info.plist */ = {isa = PBXFileReference; lastKnownFileType = text.plist.xml; path = Info.plist; sourceTree = "<group>"; };
		33211849212D21CB002DF050 /* MapTableViewCell.swift */ = {isa = PBXFileReference; lastKnownFileType = sourcecode.swift; path = MapTableViewCell.swift; sourceTree = "<group>"; };
		3321184A212D21CB002DF050 /* MapTableViewCell.xib */ = {isa = PBXFileReference; lastKnownFileType = file.xib; path = MapTableViewCell.xib; sourceTree = "<group>"; };
/* End PBXFileReference section */

/* Begin PBXFrameworksBuildPhase section */
		33211813212D1E17002DF050 /* Frameworks */ = {
			isa = PBXFrameworksBuildPhase;
			buildActionMask = 2147483647;
			files = (
			);
			runOnlyForDeploymentPostprocessing = 0;
		};
		33211829212D1E19002DF050 /* Frameworks */ = {
			isa = PBXFrameworksBuildPhase;
			buildActionMask = 2147483647;
			files = (
			);
			runOnlyForDeploymentPostprocessing = 0;
		};
		33211834212D1E19002DF050 /* Frameworks */ = {
			isa = PBXFrameworksBuildPhase;
			buildActionMask = 2147483647;
			files = (
			);
			runOnlyForDeploymentPostprocessing = 0;
		};
/* End PBXFrameworksBuildPhase section */

/* Begin PBXGroup section */
		3321180D212D1E17002DF050 = {
			isa = PBXGroup;
			children = (
				33211818212D1E17002DF050 /* Ara!Gohan */,
				3321182F212D1E19002DF050 /* Ara!GohanTests */,
				3321183A212D1E19002DF050 /* Ara!GohanUITests */,
				33211817212D1E17002DF050 /* Products */,
			);
			sourceTree = "<group>";
		};
		33211817212D1E17002DF050 /* Products */ = {
			isa = PBXGroup;
			children = (
				33211816212D1E17002DF050 /* Ara!Gohan.app */,
				3321182C212D1E19002DF050 /* Ara!GohanTests.xctest */,
				33211837212D1E19002DF050 /* Ara!GohanUITests.xctest */,
			);
			name = Products;
			sourceTree = "<group>";
		};
		33211818212D1E17002DF050 /* Ara!Gohan */ = {
			isa = PBXGroup;
			children = (
				33211819212D1E17002DF050 /* AppDelegate.swift */,
				3321181B212D1E17002DF050 /* HomeViewController.swift */,
				3321184D212D21D5002DF050 /* CustomCell */,
				3321181D212D1E17002DF050 /* FavoriteViewController.swift */,
				3321181F212D1E17002DF050 /* Main.storyboard */,
				33211822212D1E19002DF050 /* Assets.xcassets */,
				33211824212D1E19002DF050 /* LaunchScreen.storyboard */,
				33211827212D1E19002DF050 /* Info.plist */,
			);
			path = "Ara!Gohan";
			sourceTree = "<group>";
		};
		3321182F212D1E19002DF050 /* Ara!GohanTests */ = {
			isa = PBXGroup;
			children = (
				33211830212D1E19002DF050 /* Ara_GohanTests.swift */,
				33211832212D1E19002DF050 /* Info.plist */,
			);
			path = "Ara!GohanTests";
			sourceTree = "<group>";
		};
		3321183A212D1E19002DF050 /* Ara!GohanUITests */ = {
			isa = PBXGroup;
			children = (
				3321183B212D1E19002DF050 /* Ara_GohanUITests.swift */,
				3321183D212D1E19002DF050 /* Info.plist */,
			);
			path = "Ara!GohanUITests";
			sourceTree = "<group>";
		};
		3321184D212D21D5002DF050 /* CustomCell */ = {
			isa = PBXGroup;
			children = (
				33211849212D21CB002DF050 /* MapTableViewCell.swift */,
				3321184A212D21CB002DF050 /* MapTableViewCell.xib */,
			);
			path = CustomCell;
			sourceTree = "<group>";
		};
/* End PBXGroup section */

/* Begin PBXNativeTarget section */
		33211815212D1E17002DF050 /* Ara!Gohan */ = {
			isa = PBXNativeTarget;
			buildConfigurationList = 33211840212D1E19002DF050 /* Build configuration list for PBXNativeTarget "Ara!Gohan" */;
			buildPhases = (
				33211812212D1E17002DF050 /* Sources */,
				33211813212D1E17002DF050 /* Frameworks */,
				33211814212D1E17002DF050 /* Resources */,
			);
			buildRules = (
			);
			dependencies = (
			);
			name = "Ara!Gohan";
			productName = "Ara!Gohan";
			productReference = 33211816212D1E17002DF050 /* Ara!Gohan.app */;
			productType = "com.apple.product-type.application";
		};
		3321182B212D1E19002DF050 /* Ara!GohanTests */ = {
			isa = PBXNativeTarget;
			buildConfigurationList = 33211843212D1E19002DF050 /* Build configuration list for PBXNativeTarget "Ara!GohanTests" */;
			buildPhases = (
				33211828212D1E19002DF050 /* Sources */,
				33211829212D1E19002DF050 /* Frameworks */,
				3321182A212D1E19002DF050 /* Resources */,
			);
			buildRules = (
			);
			dependencies = (
				3321182E212D1E19002DF050 /* PBXTargetDependency */,
			);
			name = "Ara!GohanTests";
			productName = "Ara!GohanTests";
			productReference = 3321182C212D1E19002DF050 /* Ara!GohanTests.xctest */;
			productType = "com.apple.product-type.bundle.unit-test";
		};
		33211836212D1E19002DF050 /* Ara!GohanUITests */ = {
			isa = PBXNativeTarget;
			buildConfigurationList = 33211846212D1E19002DF050 /* Build configuration list for PBXNativeTarget "Ara!GohanUITests" */;
			buildPhases = (
				33211833212D1E19002DF050 /* Sources */,
				33211834212D1E19002DF050 /* Frameworks */,
				33211835212D1E19002DF050 /* Resources */,
			);
			buildRules = (
			);
			dependencies = (
				33211839212D1E19002DF050 /* PBXTargetDependency */,
			);
			name = "Ara!GohanUITests";
			productName = "Ara!GohanUITests";
			productReference = 33211837212D1E19002DF050 /* Ara!GohanUITests.xctest */;
			productType = "com.apple.product-type.bundle.ui-testing";
		};
/* End PBXNativeTarget section */

/* Begin PBXProject section */
		3321180E212D1E17002DF050 /* Project object */ = {
			isa = PBXProject;
			attributes = {
				LastSwiftUpdateCheck = 0940;
				LastUpgradeCheck = 0940;
				ORGANIZATIONNAME = YOSUKE;
				TargetAttributes = {
					33211815212D1E17002DF050 = {
						CreatedOnToolsVersion = 9.4.1;
					};
					3321182B212D1E19002DF050 = {
						CreatedOnToolsVersion = 9.4.1;
						TestTargetID = 33211815212D1E17002DF050;
					};
					33211836212D1E19002DF050 = {
						CreatedOnToolsVersion = 9.4.1;
						TestTargetID = 33211815212D1E17002DF050;
					};
				};
			};
			buildConfigurationList = 33211811212D1E17002DF050 /* Build configuration list for PBXProject "Ara!Gohan" */;
			compatibilityVersion = "Xcode 9.3";
			developmentRegion = en;
			hasScannedForEncodings = 0;
			knownRegions = (
				en,
				Base,
			);
			mainGroup = 3321180D212D1E17002DF050;
			productRefGroup = 33211817212D1E17002DF050 /* Products */;
			projectDirPath = "";
			projectRoot = "";
			targets = (
				33211815212D1E17002DF050 /* Ara!Gohan */,
				3321182B212D1E19002DF050 /* Ara!GohanTests */,
				33211836212D1E19002DF050 /* Ara!GohanUITests */,
			);
		};
/* End PBXProject section */

/* Begin PBXResourcesBuildPhase section */
		33211814212D1E17002DF050 /* Resources */ = {
			isa = PBXResourcesBuildPhase;
			buildActionMask = 2147483647;
			files = (
				33211826212D1E19002DF050 /* LaunchScreen.storyboard in Resources */,
				33211823212D1E19002DF050 /* Assets.xcassets in Resources */,
				3321184C212D21CB002DF050 /* MapTableViewCell.xib in Resources */,
				33211821212D1E17002DF050 /* Main.storyboard in Resources */,
			);
			runOnlyForDeploymentPostprocessing = 0;
		};
		3321182A212D1E19002DF050 /* Resources */ = {
			isa = PBXResourcesBuildPhase;
			buildActionMask = 2147483647;
			files = (
			);
			runOnlyForDeploymentPostprocessing = 0;
		};
		33211835212D1E19002DF050 /* Resources */ = {
			isa = PBXResourcesBuildPhase;
			buildActionMask = 2147483647;
			files = (
			);
			runOnlyForDeploymentPostprocessing = 0;
		};
/* End PBXResourcesBuildPhase section */

/* Begin PBXSourcesBuildPhase section */
		33211812212D1E17002DF050 /* Sources */ = {
			isa = PBXSourcesBuildPhase;
			buildActionMask = 2147483647;
			files = (
				3321181E212D1E17002DF050 /* FavoriteViewController.swift in Sources */,
				3321181A212D1E17002DF050 /* AppDelegate.swift in Sources */,
				3321184B212D21CB002DF050 /* MapTableViewCell.swift in Sources */,
				3321181C212D1E17002DF050 /* HomeViewController.swift in Sources */,
			);
			runOnlyForDeploymentPostprocessing = 0;
		};
		33211828212D1E19002DF050 /* Sources */ = {
			isa = PBXSourcesBuildPhase;
			buildActionMask = 2147483647;
			files = (
				33211831212D1E19002DF050 /* Ara_GohanTests.swift in Sources */,
			);
			runOnlyForDeploymentPostprocessing = 0;
		};
		33211833212D1E19002DF050 /* Sources */ = {
			isa = PBXSourcesBuildPhase;
			buildActionMask = 2147483647;
			files = (
				3321183C212D1E19002DF050 /* Ara_GohanUITests.swift in Sources */,
			);
			runOnlyForDeploymentPostprocessing = 0;
		};
/* End PBXSourcesBuildPhase section */

/* Begin PBXTargetDependency section */
		3321182E212D1E19002DF050 /* PBXTargetDependency */ = {
			isa = PBXTargetDependency;
			target = 33211815212D1E17002DF050 /* Ara!Gohan */;
			targetProxy = 3321182D212D1E19002DF050 /* PBXContainerItemProxy */;
		};
		33211839212D1E19002DF050 /* PBXTargetDependency */ = {
			isa = PBXTargetDependency;
			target = 33211815212D1E17002DF050 /* Ara!Gohan */;
			targetProxy = 33211838212D1E19002DF050 /* PBXContainerItemProxy */;
		};
/* End PBXTargetDependency section */

/* Begin PBXVariantGroup section */
		3321181F212D1E17002DF050 /* Main.storyboard */ = {
			isa = PBXVariantGroup;
			children = (
				33211820212D1E17002DF050 /* Base */,
			);
			name = Main.storyboard;
			sourceTree = "<group>";
		};
		33211824212D1E19002DF050 /* LaunchScreen.storyboard */ = {
			isa = PBXVariantGroup;
			children = (
				33211825212D1E19002DF050 /* Base */,
			);
			name = LaunchScreen.storyboard;
			sourceTree = "<group>";
		};
/* End PBXVariantGroup section */

/* Begin XCBuildConfiguration section */
		3321183E212D1E19002DF050 /* Debug */ = {
			isa = XCBuildConfiguration;
			buildSettings = {
				ALWAYS_SEARCH_USER_PATHS = NO;
				CLANG_ANALYZER_NONNULL = YES;
				CLANG_ANALYZER_NUMBER_OBJECT_CONVERSION = YES_AGGRESSIVE;
				CLANG_CXX_LANGUAGE_STANDARD = "gnu++14";
				CLANG_CXX_LIBRARY = "libc++";
				CLANG_ENABLE_MODULES = YES;
				CLANG_ENABLE_OBJC_ARC = YES;
				CLANG_ENABLE_OBJC_WEAK = YES;
				CLANG_WARN_BLOCK_CAPTURE_AUTORELEASING = YES;
				CLANG_WARN_BOOL_CONVERSION = YES;
				CLANG_WARN_COMMA = YES;
				CLANG_WARN_CONSTANT_CONVERSION = YES;
				CLANG_WARN_DEPRECATED_OBJC_IMPLEMENTATIONS = YES;
				CLANG_WARN_DIRECT_OBJC_ISA_USAGE = YES_ERROR;
				CLANG_WARN_DOCUMENTATION_COMMENTS = YES;
				CLANG_WARN_EMPTY_BODY = YES;
				CLANG_WARN_ENUM_CONVERSION = YES;
				CLANG_WARN_INFINITE_RECURSION = YES;
				CLANG_WARN_INT_CONVERSION = YES;
				CLANG_WARN_NON_LITERAL_NULL_CONVERSION = YES;
				CLANG_WARN_OBJC_IMPLICIT_RETAIN_SELF = YES;
				CLANG_WARN_OBJC_LITERAL_CONVERSION = YES;
				CLANG_WARN_OBJC_ROOT_CLASS = YES_ERROR;
				CLANG_WARN_RANGE_LOOP_ANALYSIS = YES;
				CLANG_WARN_STRICT_PROTOTYPES = YES;
				CLANG_WARN_SUSPICIOUS_MOVE = YES;
				CLANG_WARN_UNGUARDED_AVAILABILITY = YES_AGGRESSIVE;
				CLANG_WARN_UNREACHABLE_CODE = YES;
				CLANG_WARN__DUPLICATE_METHOD_MATCH = YES;
				CODE_SIGN_IDENTITY = "iPhone Developer";
				COPY_PHASE_STRIP = NO;
				DEBUG_INFORMATION_FORMAT = dwarf;
				ENABLE_STRICT_OBJC_MSGSEND = YES;
				ENABLE_TESTABILITY = YES;
				GCC_C_LANGUAGE_STANDARD = gnu11;
				GCC_DYNAMIC_NO_PIC = NO;
				GCC_NO_COMMON_BLOCKS = YES;
				GCC_OPTIMIZATION_LEVEL = 0;
				GCC_PREPROCESSOR_DEFINITIONS = (
					"DEBUG=1",
					"$(inherited)",
				);
				GCC_WARN_64_TO_32_BIT_CONVERSION = YES;
				GCC_WARN_ABOUT_RETURN_TYPE = YES_ERROR;
				GCC_WARN_UNDECLARED_SELECTOR = YES;
				GCC_WARN_UNINITIALIZED_AUTOS = YES_AGGRESSIVE;
				GCC_WARN_UNUSED_FUNCTION = YES;
				GCC_WARN_UNUSED_VARIABLE = YES;
				IPHONEOS_DEPLOYMENT_TARGET = 11.4;
				MTL_ENABLE_DEBUG_INFO = YES;
				ONLY_ACTIVE_ARCH = YES;
				SDKROOT = iphoneos;
				SWIFT_ACTIVE_COMPILATION_CONDITIONS = DEBUG;
				SWIFT_OPTIMIZATION_LEVEL = "-Onone";
			};
			name = Debug;
		};
		3321183F212D1E19002DF050 /* Release */ = {
			isa = XCBuildConfiguration;
			buildSettings = {
				ALWAYS_SEARCH_USER_PATHS = NO;
				CLANG_ANALYZER_NONNULL = YES;
				CLANG_ANALYZER_NUMBER_OBJECT_CONVERSION = YES_AGGRESSIVE;
				CLANG_CXX_LANGUAGE_STANDARD = "gnu++14";
				CLANG_CXX_LIBRARY = "libc++";
				CLANG_ENABLE_MODULES = YES;
				CLANG_ENABLE_OBJC_ARC = YES;
				CLANG_ENABLE_OBJC_WEAK = YES;
				CLANG_WARN_BLOCK_CAPTURE_AUTORELEASING = YES;
				CLANG_WARN_BOOL_CONVERSION = YES;
				CLANG_WARN_COMMA = YES;
				CLANG_WARN_CONSTANT_CONVERSION = YES;
				CLANG_WARN_DEPRECATED_OBJC_IMPLEMENTATIONS = YES;
				CLANG_WARN_DIRECT_OBJC_ISA_USAGE = YES_ERROR;
				CLANG_WARN_DOCUMENTATION_COMMENTS = YES;
				CLANG_WARN_EMPTY_BODY = YES;
				CLANG_WARN_ENUM_CONVERSION = YES;
				CLANG_WARN_INFINITE_RECURSION = YES;
				CLANG_WARN_INT_CONVERSION = YES;
				CLANG_WARN_NON_LITERAL_NULL_CONVERSION = YES;
				CLANG_WARN_OBJC_IMPLICIT_RETAIN_SELF = YES;
				CLANG_WARN_OBJC_LITERAL_CONVERSION = YES;
				CLANG_WARN_OBJC_ROOT_CLASS = YES_ERROR;
				CLANG_WARN_RANGE_LOOP_ANALYSIS = YES;
				CLANG_WARN_STRICT_PROTOTYPES = YES;
				CLANG_WARN_SUSPICIOUS_MOVE = YES;
				CLANG_WARN_UNGUARDED_AVAILABILITY = YES_AGGRESSIVE;
				CLANG_WARN_UNREACHABLE_CODE = YES;
				CLANG_WARN__DUPLICATE_METHOD_MATCH = YES;
				CODE_SIGN_IDENTITY = "iPhone Developer";
				COPY_PHASE_STRIP = NO;
				DEBUG_INFORMATION_FORMAT = "dwarf-with-dsym";
				ENABLE_NS_ASSERTIONS = NO;
				ENABLE_STRICT_OBJC_MSGSEND = YES;
				GCC_C_LANGUAGE_STANDARD = gnu11;
				GCC_NO_COMMON_BLOCKS = YES;
				GCC_WARN_64_TO_32_BIT_CONVERSION = YES;
				GCC_WARN_ABOUT_RETURN_TYPE = YES_ERROR;
				GCC_WARN_UNDECLARED_SELECTOR = YES;
				GCC_WARN_UNINITIALIZED_AUTOS = YES_AGGRESSIVE;
				GCC_WARN_UNUSED_FUNCTION = YES;
				GCC_WARN_UNUSED_VARIABLE = YES;
				IPHONEOS_DEPLOYMENT_TARGET = 11.4;
				MTL_ENABLE_DEBUG_INFO = NO;
				SDKROOT = iphoneos;
				SWIFT_COMPILATION_MODE = wholemodule;
				SWIFT_OPTIMIZATION_LEVEL = "-O";
				VALIDATE_PRODUCT = YES;
			};
			name = Release;
		};
		33211841212D1E19002DF050 /* Debug */ = {
			isa = XCBuildConfiguration;
			buildSettings = {
				ASSETCATALOG_COMPILER_APPICON_NAME = AppIcon;
				CODE_SIGN_STYLE = Automatic;
				INFOPLIST_FILE = "Ara!Gohan/Info.plist";
				LD_RUNPATH_SEARCH_PATHS = (
					"$(inherited)",
					"@executable_path/Frameworks",
				);
				PRODUCT_BUNDLE_IDENTIFIER = "yosuke.Ara-Gohan";
				PRODUCT_NAME = "$(TARGET_NAME)";
				SWIFT_VERSION = 4.0;
				TARGETED_DEVICE_FAMILY = "1,2";
			};
			name = Debug;
		};
		33211842212D1E19002DF050 /* Release */ = {
			isa = XCBuildConfiguration;
			buildSettings = {
				ASSETCATALOG_COMPILER_APPICON_NAME = AppIcon;
				CODE_SIGN_STYLE = Automatic;
				INFOPLIST_FILE = "Ara!Gohan/Info.plist";
				LD_RUNPATH_SEARCH_PATHS = (
					"$(inherited)",
					"@executable_path/Frameworks",
				);
				PRODUCT_BUNDLE_IDENTIFIER = "yosuke.Ara-Gohan";
				PRODUCT_NAME = "$(TARGET_NAME)";
				SWIFT_VERSION = 4.0;
				TARGETED_DEVICE_FAMILY = "1,2";
			};
			name = Release;
		};
		33211844212D1E19002DF050 /* Debug */ = {
			isa = XCBuildConfiguration;
			buildSettings = {
				ALWAYS_EMBED_SWIFT_STANDARD_LIBRARIES = YES;
				BUNDLE_LOADER = "$(TEST_HOST)";
				CODE_SIGN_STYLE = Automatic;
				INFOPLIST_FILE = "Ara!GohanTests/Info.plist";
				LD_RUNPATH_SEARCH_PATHS = (
					"$(inherited)",
					"@executable_path/Frameworks",
					"@loader_path/Frameworks",
				);
				PRODUCT_BUNDLE_IDENTIFIER = "yosuke.Ara-GohanTests";
				PRODUCT_NAME = "$(TARGET_NAME)";
				SWIFT_VERSION = 4.0;
				TARGETED_DEVICE_FAMILY = "1,2";
				TEST_HOST = "$(BUILT_PRODUCTS_DIR)/Ara!Gohan.app/Ara!Gohan";
			};
			name = Debug;
		};
		33211845212D1E19002DF050 /* Release */ = {
			isa = XCBuildConfiguration;
			buildSettings = {
				ALWAYS_EMBED_SWIFT_STANDARD_LIBRARIES = YES;
				BUNDLE_LOADER = "$(TEST_HOST)";
				CODE_SIGN_STYLE = Automatic;
				INFOPLIST_FILE = "Ara!GohanTests/Info.plist";
				LD_RUNPATH_SEARCH_PATHS = (
					"$(inherited)",
					"@executable_path/Frameworks",
					"@loader_path/Frameworks",
				);
				PRODUCT_BUNDLE_IDENTIFIER = "yosuke.Ara-GohanTests";
				PRODUCT_NAME = "$(TARGET_NAME)";
				SWIFT_VERSION = 4.0;
				TARGETED_DEVICE_FAMILY = "1,2";
				TEST_HOST = "$(BUILT_PRODUCTS_DIR)/Ara!Gohan.app/Ara!Gohan";
			};
			name = Release;
		};
		33211847212D1E19002DF050 /* Debug */ = {
			isa = XCBuildConfiguration;
			buildSettings = {
				ALWAYS_EMBED_SWIFT_STANDARD_LIBRARIES = YES;
				CODE_SIGN_STYLE = Automatic;
				INFOPLIST_FILE = "Ara!GohanUITests/Info.plist";
				LD_RUNPATH_SEARCH_PATHS = (
					"$(inherited)",
					"@executable_path/Frameworks",
					"@loader_path/Frameworks",
				);
				PRODUCT_BUNDLE_IDENTIFIER = "yosuke.Ara-GohanUITests";
				PRODUCT_NAME = "$(TARGET_NAME)";
				SWIFT_VERSION = 4.0;
				TARGETED_DEVICE_FAMILY = "1,2";
				TEST_TARGET_NAME = "Ara!Gohan";
			};
			name = Debug;
		};
		33211848212D1E19002DF050 /* Release */ = {
			isa = XCBuildConfiguration;
			buildSettings = {
				ALWAYS_EMBED_SWIFT_STANDARD_LIBRARIES = YES;
				CODE_SIGN_STYLE = Automatic;
				INFOPLIST_FILE = "Ara!GohanUITests/Info.plist";
				LD_RUNPATH_SEARCH_PATHS = (
					"$(inherited)",
					"@executable_path/Frameworks",
					"@loader_path/Frameworks",
				);
				PRODUCT_BUNDLE_IDENTIFIER = "yosuke.Ara-GohanUITests";
				PRODUCT_NAME = "$(TARGET_NAME)";
				SWIFT_VERSION = 4.0;
				TARGETED_DEVICE_FAMILY = "1,2";
				TEST_TARGET_NAME = "Ara!Gohan";
			};
			name = Release;
		};
/* End XCBuildConfiguration section */

/* Begin XCConfigurationList section */
		33211811212D1E17002DF050 /* Build configuration list for PBXProject "Ara!Gohan" */ = {
			isa = XCConfigurationList;
			buildConfigurations = (
				3321183E212D1E19002DF050 /* Debug */,
				3321183F212D1E19002DF050 /* Release */,
			);
			defaultConfigurationIsVisible = 0;
			defaultConfigurationName = Release;
		};
		33211840212D1E19002DF050 /* Build configuration list for PBXNativeTarget "Ara!Gohan" */ = {
			isa = XCConfigurationList;
			buildConfigurations = (
				33211841212D1E19002DF050 /* Debug */,
				33211842212D1E19002DF050 /* Release */,
			);
			defaultConfigurationIsVisible = 0;
			defaultConfigurationName = Release;
		};
		33211843212D1E19002DF050 /* Build configuration list for PBXNativeTarget "Ara!GohanTests" */ = {
			isa = XCConfigurationList;
			buildConfigurations = (
				33211844212D1E19002DF050 /* Debug */,
				33211845212D1E19002DF050 /* Release */,
			);
			defaultConfigurationIsVisible = 0;
			defaultConfigurationName = Release;
		};
		33211846212D1E19002DF050 /* Build configuration list for PBXNativeTarget "Ara!GohanUITests" */ = {
			isa = XCConfigurationList;
			buildConfigurations = (
				33211847212D1E19002DF050 /* Debug */,
				33211848212D1E19002DF050 /* Release */,
			);
			defaultConfigurationIsVisible = 0;
			defaultConfigurationName = Release;
		};
/* End XCConfigurationList section */
	};
	rootObject = 3321180E212D1E17002DF050 /* Project object */;
}
